
Microsoft Visual Studio Solution File, Format Version 12.00
# Visual Studio 15
VisualStudioVersion = 15.0.27703.2042
MinimumVisualStudioVersion = 10.0.40219.1
Project("{FAE04EC0-301F-11D3-BF4B-00C04F79EFBC}") = "Lab-ListView", "Lab-ListView\Lab-ListView.csproj", "{12294048-477D-4A37-A665-8FACFAFCE52D}"
EndProject
Global
	GlobalSection(SolutionConfigurationPlatforms) = preSolution
		Debug|Any CPU = Debug|Any CPU
		Release|Any CPU = Release|Any CPU
	EndGlobalSection
	GlobalSection(ProjectConfigurationPlatforms) = postSolution
		{12294048-477D-4A37-A665-8FACFAFCE52D}.Debug|Any CPU.ActiveCfg = Debug|Any CPU
		{12294048-477D-4A37-A665-8FACFAFCE52D}.Debug|Any CPU.Build.0 = Debug|Any CPU
		{12294048-477D-4A37-A665-8FACFAFCE52D}.Release|Any CPU.ActiveCfg = Release|Any CPU
		{12294048-477D-4A37-A665-8FACFAFCE52D}.Release|Any CPU.Build.0 = Release|Any CPU
	EndGlobalSection
	GlobalSection(SolutionProperties) = preSolution
		HideSolutionNode = FALSE
	EndGlobalSection
	GlobalSection(ExtensibilityGlobals) = postSolution
		SolutionGuid = {512150E0-1085-4400-A6BF-627A9A250153}
	EndGlobalSection
EndGlobal
